# generated by rye
# use `rye lock` or `rye sync` to update this lockfile
#
# last locked with the following flags:
#   pre: false
#   features: []
#   all-features: false
#   with-sources: false
#   generate-hashes: false
#   universal: false

-e file:.
colorama==0.4.6
    # via pytest
iniconfig==2.0.0
    # via pytest
jinja2==3.1.4
    # via pdoc
markupsafe==3.0.2
    # via jinja2
    # via pdoc
mypy==1.13.0
mypy-extensions==1.0.0
    # via mypy
packaging==24.2
    # via pytest
pdoc==15.0.1
pip==24.3.1
pluggy==1.5.0
    # via pytest
pygments==2.18.0
    # via pdoc
pytest==8.3.4
ruff==0.8.2
typing-extensions==4.12.2
    # via mypy
