version = 1
requires-python = ">=3.11"
resolution-markers = [
    "python_full_version < '3.12' and sys_platform == 'darwin'",
    "python_full_version < '3.12' and platform_machine == 'aarch64' and sys_platform == 'linux'",
    "(python_full_version < '3.12' and platform_machine != 'aarch64' and sys_platform == 'linux') or (python_full_version < '3.12' and sys_platform != 'darwin' and sys_platform != 'linux')",
    "python_full_version >= '3.12' and sys_platform == 'darwin'",
    "python_full_version >= '3.12' and platform_machine == 'aarch64' and sys_platform == 'linux'",
    "(python_full_version >= '3.12' and platform_machine != 'aarch64' and sys_platform == 'linux') or (python_full_version >= '3.12' and sys_platform != 'darwin' and sys_platform != 'linux')",
]

[[package]]
name = "colorama"
version = "0.4.6"
source = { registry = "https://pypi.org/simple" }
sdist = { url = "https://files.pythonhosted.org/packages/d8/53/6f443c9a4a8358a93a6792e2acffb9d9d5cb0a5cfd8802644b7b1c9a02e4/colorama-0.4.6.tar.gz", hash = "sha256:08695f5cb7ed6e0531a20572697297273c47b8cae5a63ffc6d6ed5c201be6e44", size = 27697 }
wheels = [
    { url = "https://files.pythonhosted.org/packages/d1/d6/3965ed04c63042e047cb6a3e6ed1a63a35087b6a609aa3a15ed8ac56c221/colorama-0.4.6-py2.py3-none-any.whl", hash = "sha256:4f1d9991f5acc0ca119f9d443620b77f9d6b33703e51011c16baf57afb285fc6", size = 25335 },
]

[[package]]
name = "future"
version = "1.0.0"
source = { registry = "https://pypi.org/simple" }
sdist = { url = "https://files.pythonhosted.org/packages/a7/b2/4140c69c6a66432916b26158687e821ba631a4c9273c474343badf84d3ba/future-1.0.0.tar.gz", hash = "sha256:bd2968309307861edae1458a4f8a4f3598c03be43b97521076aebf5d94c07b05", size = 1228490 }
wheels = [
    { url = "https://files.pythonhosted.org/packages/da/71/ae30dadffc90b9006d77af76b393cb9dfbfc9629f339fc1574a1c52e6806/future-1.0.0-py3-none-any.whl", hash = "sha256:929292d34f5872e70396626ef385ec22355a1fae8ad29e1a734c3e43f9fbc216", size = 491326 },
]

[[package]]
name = "iniconfig"
version = "2.0.0"
source = { registry = "https://pypi.org/simple" }
sdist = { url = "https://files.pythonhosted.org/packages/d7/4b/cbd8e699e64a6f16ca3a8220661b5f83792b3017d0f79807cb8708d33913/iniconfig-2.0.0.tar.gz", hash = "sha256:2d91e135bf72d31a410b17c16da610a82cb55f6b0477d1a902134b24a455b8b3", size = 4646 }
wheels = [
    { url = "https://files.pythonhosted.org/packages/ef/a6/62565a6e1cf69e10f5727360368e451d4b7f58beeac6173dc9db836a5b46/iniconfig-2.0.0-py3-none-any.whl", hash = "sha256:b6a85871a79d2e3b22d2d1b94ac2824226a63c6b741c88f7ae975f18b6778374", size = 5892 },
]

[[package]]
name = "materialx"
version = "1.39.1"
source = { registry = "https://pypi.org/simple" }
sdist = { url = "https://files.pythonhosted.org/packages/e2/50/ff1e2641f6364f9491f7cfae8df27129a41883434ffffb54193655cdc716/MaterialX-1.39.1.tar.gz", hash = "sha256:1c82cfed22de498f05a9814e769cdcd775ccccd74b0e95e2c95f0328558f48e5", size = 1558165 }
wheels = [
    { url = "https://files.pythonhosted.org/packages/d5/53/7175d0ed9567bd1a71e2c052284b569c0793eeb0d44ae0a08ee931ae3323/materialx-1.39.1-cp311-cp311-macosx_10_15_x86_64.whl", hash = "sha256:183dd12e059391e89118a2c4e9591e7047b3062a6c5b347e0084358f6556afb4", size = 5306008 },
    { url = "https://files.pythonhosted.org/packages/17/24/064a67ea699a480d7c60e47b6cd633a00c03128ea4cd495159f7d983bbc0/materialx-1.39.1-cp311-cp311-manylinux_2_17_x86_64.manylinux2014_x86_64.whl", hash = "sha256:dc5e948d8a630ea7039037c161ae0ded904076c5fa77b1e196119985cc2baada", size = 8332502 },
    { url = "https://files.pythonhosted.org/packages/78/24/6190d2a7e18036d154c79d8b5f17824b53dfcabd1b9a27201b8e6d10cf57/materialx-1.39.1-cp311-cp311-win_amd64.whl", hash = "sha256:af4ef221ac1d83deb50c044545b905074c2e692a291df242420673ea42d9a130", size = 4315696 },
    { url = "https://files.pythonhosted.org/packages/b2/dd/c87f7d45b6dc50700a6586ef9a29344a21f6c45fa070a9700fc009f4de3d/materialx-1.39.1-cp312-cp312-macosx_10_15_x86_64.whl", hash = "sha256:893c8080fdf89b51f550888dd56ee8724f27a456a9b2c7751685ff8c5da654a0", size = 5324233 },
    { url = "https://files.pythonhosted.org/packages/cf/83/7fe30f8cdf484e61b62ec96237e4f448bbe1e4285f5e3b7e9e687c4cbcc5/materialx-1.39.1-cp312-cp312-manylinux_2_17_x86_64.manylinux2014_x86_64.whl", hash = "sha256:6b6e43ff08fdaf129f02b0c2336a734703110575579ccd9fbacfe928ff2b95df", size = 8325642 },
    { url = "https://files.pythonhosted.org/packages/ae/30/453944030027be438e4afdf96d4b7d860e556a659a4661f759c876e560a7/materialx-1.39.1-cp312-cp312-win_amd64.whl", hash = "sha256:11bf09776082de7411f9f4f684f77e02808308b5b34cfe16fcde920c3ea64231", size = 4318669 },
]

[[package]]
name = "materialx-baker"
version = "0.1.9"
source = { editable = "." }
dependencies = [
    { name = "materialx" },
    { name = "numpy" },
    { name = "openexr" },
    { name = "perlin-numpy" },
    { name = "pyexr", version = "0.3.10", source = { registry = "https://pypi.org/simple" }, marker = "python_full_version >= '3.12'" },
    { name = "pyexr", version = "0.4.0", source = { registry = "https://pypi.org/simple" }, marker = "python_full_version < '3.12'" },
    { name = "pytest" },
    { name = "tqdm" },
]

[package.metadata]
requires-dist = [
    { name = "materialx", specifier = ">=1.39.1" },
    { name = "numpy", specifier = ">=1.24.0" },
    { name = "openexr", specifier = ">=3.3.2" },
    { name = "perlin-numpy", specifier = ">=0.0.1" },
    { name = "pyexr", specifier = ">=0.3.10" },
    { name = "pytest", specifier = ">=8.3.4" },
    { name = "tqdm", specifier = ">=4.67.1" },
]

[[package]]
name = "numpy"
version = "1.24.0"
source = { registry = "https://pypi.org/simple" }
sdist = { url = "https://files.pythonhosted.org/packages/5f/c7/5ca7c100dcc85b5ef1b176bdf87be5e4392c2c3018e13cc7cdef828c6a09/numpy-1.24.0.tar.gz", hash = "sha256:c4ab7c9711fe6b235e86487ca74c1b092a6dd59a3cb45b63241ea0a148501853", size = 10897101 }
wheels = [
    { url = "https://files.pythonhosted.org/packages/1e/8a/2e23dd804191f725ff18a30468f316267be41ad07148a97eac5f48aa1d1d/numpy-1.24.0-cp311-cp311-macosx_10_9_x86_64.whl", hash = "sha256:4445f472b246cad6514cc09fbb5ecb7aab09ca2acc3c16f29f8dca6c468af501", size = 19770612 },
    { url = "https://files.pythonhosted.org/packages/6c/90/c4a8a771b87fd7d1c9d6648fd08927825d31d80d98201149df14c9787214/numpy-1.24.0-cp311-cp311-macosx_11_0_arm64.whl", hash = "sha256:ec3e5e8172a0a6a4f3c2e7423d4a8434c41349141b04744b11a90e017a95bad5", size = 13831341 },
    { url = "https://files.pythonhosted.org/packages/f4/e1/2ec4b9476bde1e0a9878fdde5fd122241007bf361eec3fb4ab08be3aecd0/numpy-1.24.0-cp311-cp311-manylinux_2_17_aarch64.manylinux2014_aarch64.whl", hash = "sha256:f9168790149f917ad8e3cf5047b353fefef753bd50b07c547da0bdf30bc15d91", size = 13977508 },
    { url = "https://files.pythonhosted.org/packages/b0/26/8fbdd09f9926dffc272cbb266f7079963f774190ba0b5fddf72097b2c728/numpy-1.24.0-cp311-cp311-manylinux_2_17_x86_64.manylinux2014_x86_64.whl", hash = "sha256:ada6c1e9608ceadaf7020e1deea508b73ace85560a16f51bef26aecb93626a72", size = 17266259 },
    { url = "https://files.pythonhosted.org/packages/84/90/694fab08694c96edfd34f08c749a3b101da66d2a6649f0fd78ddaf667b2a/numpy-1.24.0-cp311-cp311-win32.whl", hash = "sha256:f3c4a9a9f92734a4728ddbd331e0124eabbc968a0359a506e8e74a9b0d2d419b", size = 12404833 },
    { url = "https://files.pythonhosted.org/packages/3f/b8/3c549c217405795ec76a947c0e7fc90c0a698542d1b55e0df51d45916be9/numpy-1.24.0-cp311-cp311-win_amd64.whl", hash = "sha256:90075ef2c6ac6397d0035bcd8b298b26e481a7035f7a3f382c047eb9c3414db0", size = 14817760 },
]

[[package]]
name = "openexr"
version = "3.3.2"
source = { registry = "https://pypi.org/simple" }
sdist = { url = "https://files.pythonhosted.org/packages/48/6b/e4f6227b7d0bd999e1e907796c613dac48e05983930d07c9b9fb191c88f5/openexr-3.3.2.tar.gz", hash = "sha256:150e1b8f817ce351087c041e8d19f18ab7e799a8dbe099faa5b611ce6688f246", size = 21194174 }
wheels = [
    { url = "https://files.pythonhosted.org/packages/16/69/44ef5604be1caf0a905a35791df139140e27c9ce16f79a84521f9543ec89/openexr-3.3.2-cp311-cp311-macosx_10_15_universal2.whl", hash = "sha256:6396e22ec775e3254550297a279e7a540065cbc75eb0e3d214fe30587981d922", size = 2677712 },
    { url = "https://files.pythonhosted.org/packages/0e/80/d41853d81175d65d68bf8d1b6a6314c01cc73f1faba80edeec36c143c244/openexr-3.3.2-cp311-cp311-macosx_10_15_x86_64.whl", hash = "sha256:06baeb0195bb5ab1a1e351219c1ab30b29c23d41b3c22730748a74ef564246de", size = 1370370 },
    { url = "https://files.pythonhosted.org/packages/c1/6b/d7057ef1feadc4c46e57638eb6f9e974a9aea9e0cb5befc41a69e0d3a9d4/openexr-3.3.2-cp311-cp311-macosx_11_0_arm64.whl", hash = "sha256:6496ae90ff5ffca55e8c9f3572a78add32a6336c5ca2a73bff8ffad1045a3e97", size = 1314555 },
    { url = "https://files.pythonhosted.org/packages/2a/92/24600e071dd19aef8eb97e8d632699b6a3b31577ad17f4ff293dc46e28b1/openexr-3.3.2-cp311-cp311-manylinux_2_17_x86_64.manylinux2014_x86_64.whl", hash = "sha256:78ddd5149c2aaca35556328fb9d112ba9d31c0f0a3cdf373ed76ae384c91bf81", size = 1493960 },
    { url = "https://files.pythonhosted.org/packages/32/79/acdc49b275c5844f71607fe8306c5d0620fca9220139685173f75773d869/openexr-3.3.2-cp311-cp311-musllinux_1_2_x86_64.whl", hash = "sha256:359481d8890d343b2526ab5f0ed211a48fde72dd5fa705173fdc5857a159af38", size = 2462481 },
    { url = "https://files.pythonhosted.org/packages/05/70/dd9b71873c240ee170b8427af7e2d555bb2bb53e35e9b7287a1edec86a4b/openexr-3.3.2-cp311-cp311-win_amd64.whl", hash = "sha256:32f318bc3d14e9a7522871576222489f5a08d50d7f7dccb4c340e401447be384", size = 998259 },
    { url = "https://files.pythonhosted.org/packages/93/6e/282c413e8914c0940fdf42199759a7ae5ddd9d22392d97677a3034dbbcb9/openexr-3.3.2-cp312-cp312-macosx_10_15_universal2.whl", hash = "sha256:24c76a6c361ed6f89ed50794cde81305887f18d39d06e2b3451834b3f6b759b7", size = 2684187 },
    { url = "https://files.pythonhosted.org/packages/38/fe/dccabe542f5b7a81e4e382d49cf2569cc0d11d6f390941b50940d682867c/openexr-3.3.2-cp312-cp312-macosx_10_15_x86_64.whl", hash = "sha256:eedf4ef82816d35d9c59c5f07ae5e691bc24132f304c2461ca42defa4f3a6faa", size = 1374245 },
    { url = "https://files.pythonhosted.org/packages/59/e0/e002eb6a12dff716ecb84410c40ffde9d9691049aa3cbe654be3e4f3450c/openexr-3.3.2-cp312-cp312-macosx_11_0_arm64.whl", hash = "sha256:b7e2a168647c4acc2db879d26ac9e203830ef640c47067c6863ce1849810cea5", size = 1316983 },
    { url = "https://files.pythonhosted.org/packages/ba/40/6652c9766af866e7db5dab683da10893790e8ab9d8e8a53ac90658beb985/openexr-3.3.2-cp312-cp312-manylinux_2_17_x86_64.manylinux2014_x86_64.whl", hash = "sha256:00b50b9422dbe4339fafdaec4ac88a98cf1460e8672d90f147a648f336a3cc68", size = 1493132 },
    { url = "https://files.pythonhosted.org/packages/8a/11/8950161c437c458df37057b3980662cc0ab248eb3df573b51dbca6f1dab1/openexr-3.3.2-cp312-cp312-musllinux_1_2_x86_64.whl", hash = "sha256:216b92e0a8bc942660ac20eaebfce535bd2990a5bbc8cc51312c5a9de668e417", size = 2463219 },
    { url = "https://files.pythonhosted.org/packages/b9/51/8fa09f1b7217da7304f2625fb6dad3e2f95aad6107cc73ce5d4328489c75/openexr-3.3.2-cp312-cp312-win_amd64.whl", hash = "sha256:fad894b7d05e42e0b1a65a7cf8714f6e422ca87f758afe1ca7f33fbb88123378", size = 999336 },
]

[[package]]
name = "packaging"
version = "24.2"
source = { registry = "https://pypi.org/simple" }
sdist = { url = "https://files.pythonhosted.org/packages/d0/63/68dbb6eb2de9cb10ee4c9c14a0148804425e13c4fb20d61cce69f53106da/packaging-24.2.tar.gz", hash = "sha256:c228a6dc5e932d346bc5739379109d49e8853dd8223571c7c5b55260edc0b97f", size = 163950 }
wheels = [
    { url = "https://files.pythonhosted.org/packages/88/ef/eb23f262cca3c0c4eb7ab1933c3b1f03d021f2c48f54763065b6f0e321be/packaging-24.2-py3-none-any.whl", hash = "sha256:09abb1bccd265c01f4a3aa3f7a7db064b36514d2cba19a2f694fe6150451a759", size = 65451 },
]

[[package]]
name = "perlin-numpy"
version = "0.0.1"
source = { registry = "https://pypi.org/simple" }
dependencies = [
    { name = "numpy" },
]
sdist = { url = "https://files.pythonhosted.org/packages/1f/7a/21376ae8832d6eed7a17af294103fc7e08842c84f826e6a49596032f0e22/perlin_numpy-0.0.1.tar.gz", hash = "sha256:4463c4e66fa815ee8f7faee0be4264ca11698e5e74a825e8035d0f0af0374b07", size = 4635 }
wheels = [
    { url = "https://files.pythonhosted.org/packages/ca/51/ca529fd8ed0ae4e0e6130e7eae812aed8e4dde27697a65b62a71d8605c76/perlin_numpy-0.0.1-py3-none-any.whl", hash = "sha256:5d770389a4b3317f3be90dabc497030328ec666ab493cc9c224b745b0dadc195", size = 4988 },
]

[[package]]
name = "pluggy"
version = "1.5.0"
source = { registry = "https://pypi.org/simple" }
sdist = { url = "https://files.pythonhosted.org/packages/96/2d/02d4312c973c6050a18b314a5ad0b3210edb65a906f868e31c111dede4a6/pluggy-1.5.0.tar.gz", hash = "sha256:2cffa88e94fdc978c4c574f15f9e59b7f4201d439195c3715ca9e2486f1d0cf1", size = 67955 }
wheels = [
    { url = "https://files.pythonhosted.org/packages/88/5f/e351af9a41f866ac3f1fac4ca0613908d9a41741cfcf2228f4ad853b697d/pluggy-1.5.0-py3-none-any.whl", hash = "sha256:44e1ad92c8ca002de6377e165f3e0f1be63266ab4d554740532335b9d75ea669", size = 20556 },
]

[[package]]
name = "pyexr"
version = "0.3.10"
source = { registry = "https://pypi.org/simple" }
resolution-markers = [
    "python_full_version >= '3.12' and sys_platform == 'darwin'",
    "python_full_version >= '3.12' and platform_machine == 'aarch64' and sys_platform == 'linux'",
    "(python_full_version >= '3.12' and platform_machine != 'aarch64' and sys_platform == 'linux') or (python_full_version >= '3.12' and sys_platform != 'darwin' and sys_platform != 'linux')",
]
dependencies = [
    { name = "future", marker = "python_full_version >= '3.12'" },
    { name = "numpy", marker = "python_full_version >= '3.12'" },
    { name = "openexr", marker = "python_full_version >= '3.12'" },
]
sdist = { url = "https://files.pythonhosted.org/packages/41/c0/ae59c4c3d03778b40fc33b2cbb6e93a22fab8981148e12caf3840b25fd23/PyEXR-0.3.10.tar.gz", hash = "sha256:fe41fb791f58744053e7d665fbacaa904b22d957a6efb4f5d77f82aebb1ece21", size = 4644 }

[[package]]
name = "pyexr"
version = "0.4.0"
source = { registry = "https://pypi.org/simple" }
resolution-markers = [
    "python_full_version < '3.12' and sys_platform == 'darwin'",
    "python_full_version < '3.12' and platform_machine == 'aarch64' and sys_platform == 'linux'",
    "(python_full_version < '3.12' and platform_machine != 'aarch64' and sys_platform == 'linux') or (python_full_version < '3.12' and sys_platform != 'darwin' and sys_platform != 'linux')",
]
dependencies = [
    { name = "numpy", marker = "python_full_version < '3.12'" },
    { name = "openexr", marker = "python_full_version < '3.12'" },
]
sdist = { url = "https://files.pythonhosted.org/packages/b7/66/c56bb5ce2f4770af421055ddad98d870cfdb938b66a7194f7e6295d8b846/pyexr-0.4.0.tar.gz", hash = "sha256:c8e222439af5622c24f322fea548e051654796e152dcc9666ccbd1627822d126", size = 7220 }
wheels = [
    { url = "https://files.pythonhosted.org/packages/a1/53/4e84c4b5e98cd142139076c4869d59835273a829bb9a9e2dbc43af028ae1/pyexr-0.4.0-py3-none-any.whl", hash = "sha256:e3d8e2a6e9435638ac42bbbe590572eb5956e314b86ca33cd3f79f45ab5ab156", size = 6860 },
]

[[package]]
name = "pytest"
version = "8.3.4"
source = { registry = "https://pypi.org/simple" }
dependencies = [
    { name = "colorama", marker = "sys_platform == 'win32'" },
    { name = "iniconfig" },
    { name = "packaging" },
    { name = "pluggy" },
]
sdist = { url = "https://files.pythonhosted.org/packages/05/35/30e0d83068951d90a01852cb1cef56e5d8a09d20c7f511634cc2f7e0372a/pytest-8.3.4.tar.gz", hash = "sha256:965370d062bce11e73868e0335abac31b4d3de0e82f4007408d242b4f8610761", size = 1445919 }
wheels = [
    { url = "https://files.pythonhosted.org/packages/11/92/76a1c94d3afee238333bc0a42b82935dd8f9cf8ce9e336ff87ee14d9e1cf/pytest-8.3.4-py3-none-any.whl", hash = "sha256:50e16d954148559c9a74109af1eaf0c945ba2d8f30f0a3d3335edde19788b6f6", size = 343083 },
]

[[package]]
name = "tqdm"
version = "4.67.1"
source = { registry = "https://pypi.org/simple" }
dependencies = [
    { name = "colorama", marker = "sys_platform == 'win32'" },
]
sdist = { url = "https://files.pythonhosted.org/packages/a8/4b/29b4ef32e036bb34e4ab51796dd745cdba7ed47ad142a9f4a1eb8e0c744d/tqdm-4.67.1.tar.gz", hash = "sha256:f8aef9c52c08c13a65f30ea34f4e5aac3fd1a34959879d7e59e63027286627f2", size = 169737 }
wheels = [
    { url = "https://files.pythonhosted.org/packages/d0/30/dc54f88dd4a2b5dc8a0279bdd7270e735851848b762aeb1c1184ed1f6b14/tqdm-4.67.1-py3-none-any.whl", hash = "sha256:26445eca388f82e72884e0d580d5464cd801a3ea01e63e5601bdff9ba6a48de2", size = 78540 },
]
