{
  "auto3d_rex": "github:talo/tengu-auto3d/b84d723e1127164636f30d41f3a17260e6bb6769#auto3d_rex",
  "delay": "github:talo/tengu-module-example/a7c51fcdebc777e57862b95f42d6c2b2e7dc7c70#delay",
  "echo": "github:talo/tengu-module-example/a7c51fcdebc777e57862b95f42d6c2b2e7dc7c70#tengu_echo",
  "gnina_rex": "github:talo/tengu-gnina/6997590b22806414ae0cedc926ba55a2b97dfb33#gnina_rex",
  "p2rank_rex": "github:talo/tengu-p2rank/1ee084e33626c0ad85a65df82fdfe15469788fb9#p2rank_rex",
  "prepare_protein_rex": "github:talo/tengu-prepare-protein/73406f94620bbac55e7b99d81c239003c0693cde#prepare_protein_rex",
  "spam": "github:talo/tengu-module-example/a7c51fcdebc777e57862b95f42d6c2b2e7dc7c70#spam",
  "stream_split": "github:talo/tengu-module-example/a7c51fcdebc777e57862b95f42d6c2b2e7dc7c70#stream_split",
  "submodule": "github:talo/tengu-module-example/a7c51fcdebc777e57862b95f42d6c2b2e7dc7c70#submodule",
  "virtual_screen_rex": "github:talo/tengu-virtualscreen/c72d621f68acbf76cd4443fd1d2482e6043a4084#tengu_virtual_screen_rex"
}